
Microsoft Visual Studio Solution File, Format Version 12.00
# Visual Studio 2015
Project("{FAE04EC0-301F-11D3-BF4B-00C04F79EFBC}") = "Project-Vortex.Plugins", "Project-Vortex.Plugins.csproj", "{F8A560F2-F8AD-B3AF-D03C-1237AA1947AF}"
EndProject
Project("{FAE04EC0-301F-11D3-BF4B-00C04F79EFBC}") = "Project-Vortex", "Project-Vortex.csproj", "{B6E45F67-36C9-BD26-0336-E4B3FF5ACEA7}"
EndProject
Project("{FAE04EC0-301F-11D3-BF4B-00C04F79EFBC}") = "Project-Vortex.Editor.Plugins", "Project-Vortex.Editor.Plugins.csproj", "{AC7EDD4C-CA4B-5F78-F23F-31323ACD0208}"
EndProject
Project("{FAE04EC0-301F-11D3-BF4B-00C04F79EFBC}") = "Project-Vortex.Editor", "Project-Vortex.Editor.csproj", "{E953F6A8-30EB-9F18-683F-51A839F00F24}"
EndProject
Global
	GlobalSection(SolutionConfigurationPlatforms) = preSolution
		Debug|Any CPU = Debug|Any CPU
		Release|Any CPU = Release|Any CPU
	EndGlobalSection
	GlobalSection(ProjectConfigurationPlatforms) = postSolution
		{F8A560F2-F8AD-B3AF-D03C-1237AA1947AF}.Debug|Any CPU.ActiveCfg = Debug|Any CPU
		{F8A560F2-F8AD-B3AF-D03C-1237AA1947AF}.Debug|Any CPU.Build.0 = Debug|Any CPU
		{F8A560F2-F8AD-B3AF-D03C-1237AA1947AF}.Release|Any CPU.ActiveCfg = Release|Any CPU
		{F8A560F2-F8AD-B3AF-D03C-1237AA1947AF}.Release|Any CPU.Build.0 = Release|Any CPU
		{B6E45F67-36C9-BD26-0336-E4B3FF5ACEA7}.Debug|Any CPU.ActiveCfg = Debug|Any CPU
		{B6E45F67-36C9-BD26-0336-E4B3FF5ACEA7}.Debug|Any CPU.Build.0 = Debug|Any CPU
		{B6E45F67-36C9-BD26-0336-E4B3FF5ACEA7}.Release|Any CPU.ActiveCfg = Release|Any CPU
		{B6E45F67-36C9-BD26-0336-E4B3FF5ACEA7}.Release|Any CPU.Build.0 = Release|Any CPU
		{AC7EDD4C-CA4B-5F78-F23F-31323ACD0208}.Debug|Any CPU.ActiveCfg = Debug|Any CPU
		{AC7EDD4C-CA4B-5F78-F23F-31323ACD0208}.Debug|Any CPU.Build.0 = Debug|Any CPU
		{AC7EDD4C-CA4B-5F78-F23F-31323ACD0208}.Release|Any CPU.ActiveCfg = Release|Any CPU
		{AC7EDD4C-CA4B-5F78-F23F-31323ACD0208}.Release|Any CPU.Build.0 = Release|Any CPU
		{E953F6A8-30EB-9F18-683F-51A839F00F24}.Debug|Any CPU.ActiveCfg = Debug|Any CPU
		{E953F6A8-30EB-9F18-683F-51A839F00F24}.Debug|Any CPU.Build.0 = Debug|Any CPU
		{E953F6A8-30EB-9F18-683F-51A839F00F24}.Release|Any CPU.ActiveCfg = Release|Any CPU
		{E953F6A8-30EB-9F18-683F-51A839F00F24}.Release|Any CPU.Build.0 = Release|Any CPU
	EndGlobalSection
	GlobalSection(SolutionProperties) = preSolution
		HideSolutionNode = FALSE
	EndGlobalSection
EndGlobal
