
Microsoft Visual Studio Solution File, Format Version 11.00
# Visual Studio 2010
Project("{FAE04EC0-301F-11D3-BF4B-00C04F79EFBC}") = "Project-Vortex", "Assembly-CSharp-firstpass.csproj", "{D32D68B6-0AE0-7CAA-43B0-283A000406FE}"
EndProject
Project("{FAE04EC0-301F-11D3-BF4B-00C04F79EFBC}") = "Project-Vortex", "Assembly-CSharp.csproj", "{A4C4DDEB-0BA6-82F6-9A0B-CE6F8C5A80A2}"
EndProject
Project("{FAE04EC0-301F-11D3-BF4B-00C04F79EFBC}") = "Project-Vortex", "Assembly-CSharp-Editor-firstpass.csproj", "{FD13409D-2893-63FB-62EA-21154223C023}"
EndProject
Project("{FAE04EC0-301F-11D3-BF4B-00C04F79EFBC}") = "Project-Vortex", "Assembly-CSharp-Editor.csproj", "{DEE544ED-D7F2-E885-1F54-C347EDE60CCA}"
EndProject
Global
	GlobalSection(SolutionConfigurationPlatforms) = preSolution
		Debug|Any CPU = Debug|Any CPU
		Release|Any CPU = Release|Any CPU
	EndGlobalSection
	GlobalSection(ProjectConfigurationPlatforms) = postSolution
		{D32D68B6-0AE0-7CAA-43B0-283A000406FE}.Debug|Any CPU.ActiveCfg = Debug|Any CPU
		{D32D68B6-0AE0-7CAA-43B0-283A000406FE}.Debug|Any CPU.Build.0 = Debug|Any CPU
		{D32D68B6-0AE0-7CAA-43B0-283A000406FE}.Release|Any CPU.ActiveCfg = Release|Any CPU
		{D32D68B6-0AE0-7CAA-43B0-283A000406FE}.Release|Any CPU.Build.0 = Release|Any CPU
		{A4C4DDEB-0BA6-82F6-9A0B-CE6F8C5A80A2}.Debug|Any CPU.ActiveCfg = Debug|Any CPU
		{A4C4DDEB-0BA6-82F6-9A0B-CE6F8C5A80A2}.Debug|Any CPU.Build.0 = Debug|Any CPU
		{A4C4DDEB-0BA6-82F6-9A0B-CE6F8C5A80A2}.Release|Any CPU.ActiveCfg = Release|Any CPU
		{A4C4DDEB-0BA6-82F6-9A0B-CE6F8C5A80A2}.Release|Any CPU.Build.0 = Release|Any CPU
		{FD13409D-2893-63FB-62EA-21154223C023}.Debug|Any CPU.ActiveCfg = Debug|Any CPU
		{FD13409D-2893-63FB-62EA-21154223C023}.Debug|Any CPU.Build.0 = Debug|Any CPU
		{FD13409D-2893-63FB-62EA-21154223C023}.Release|Any CPU.ActiveCfg = Release|Any CPU
		{FD13409D-2893-63FB-62EA-21154223C023}.Release|Any CPU.Build.0 = Release|Any CPU
		{DEE544ED-D7F2-E885-1F54-C347EDE60CCA}.Debug|Any CPU.ActiveCfg = Debug|Any CPU
		{DEE544ED-D7F2-E885-1F54-C347EDE60CCA}.Debug|Any CPU.Build.0 = Debug|Any CPU
		{DEE544ED-D7F2-E885-1F54-C347EDE60CCA}.Release|Any CPU.ActiveCfg = Release|Any CPU
		{DEE544ED-D7F2-E885-1F54-C347EDE60CCA}.Release|Any CPU.Build.0 = Release|Any CPU
	EndGlobalSection
	GlobalSection(SolutionProperties) = preSolution
		HideSolutionNode = FALSE
	EndGlobalSection
	GlobalSection(MonoDevelopProperties) = preSolution
		StartupItem = Assembly-CSharp.csproj
	EndGlobalSection
EndGlobal
